<?xml version="1.0" encoding="utf-8"?>
<Project ToolsVersion="4.0" xmlns:atg="http://atg.xbox.com" xmlns="http://schemas.microsoft.com/developer/msbuild/2003">
  <ItemGroup>
    <Filter Include="000 : BASE">
      <UniqueIdentifier>{204fc044-a793-44de-9da7-d1446b84863b}</UniqueIdentifier>
    </Filter>
    <Filter Include="001 : ENGINE">
      <UniqueIdentifier>{1d46f6bc-a7f2-4c4a-9a27-6bb0ff49b55a}</UniqueIdentifier>
    </Filter>
    <Filter Include="002 : GAME">
      <UniqueIdentifier>{ce1a6d3c-0f67-4e96-981d-f91020c144a9}</UniqueIdentifier>
    </Filter>
    <Filter Include="001 : ENGINE\Manager">
      <UniqueIdentifier>{5477c45c-10e3-4b2f-a187-1e204b582083}</UniqueIdentifier>
    </Filter>
    <Filter Include="001 : ENGINE\Manager\Camera">
      <UniqueIdentifier>{6e702c66-4fac-420e-a840-c61c71c8e5fa}</UniqueIdentifier>
    </Filter>
    <Filter Include="001 : ENGINE\Manager\Graphics">
      <UniqueIdentifier>{3f3b9394-f677-4aa2-8de7-07d375b539f0}</UniqueIdentifier>
    </Filter>
    <Filter Include="001 : ENGINE\Manager\Input">
      <UniqueIdentifier>{a6b26086-dcc5-472f-a946-9a0d533692df}</UniqueIdentifier>
    </Filter>
    <Filter Include="001 : ENGINE\Manager\Object">
      <UniqueIdentifier>{f4c9ad8f-1b77-4de1-b467-c5d10cafdd20}</UniqueIdentifier>
    </Filter>
    <Filter Include="001 : ENGINE\Manager\Scene">
      <UniqueIdentifier>{882fa494-605b-4429-bd67-1150b3f29f1a}</UniqueIdentifier>
    </Filter>
    <Filter Include="001 : ENGINE\Sprite">
      <UniqueIdentifier>{2c7c485d-8eb4-4851-a35b-071cea0c9762}</UniqueIdentifier>
    </Filter>
    <Filter Include="001 : ENGINE\Mesh">
      <UniqueIdentifier>{39658942-b24d-4cc7-a583-361e51de73e0}</UniqueIdentifier>
    </Filter>
    <Filter Include="001 : ENGINE\GameObject">
      <UniqueIdentifier>{10b7a5f7-7999-4e5e-b7fd-d52b8e0a99af}</UniqueIdentifier>
    </Filter>
    <Filter Include="001 : ENGINE\Component">
      <UniqueIdentifier>{c6bcbc6e-9d39-46bb-b747-a4fc501776e1}</UniqueIdentifier>
    </Filter>
    <Filter Include="001 : ENGINE\Component\Components">
      <UniqueIdentifier>{51a89c83-d040-4d53-8528-094773b9a9c9}</UniqueIdentifier>
    </Filter>
    <Filter Include="002 : GAME\MainGame">
      <UniqueIdentifier>{824e91f1-47f5-46dd-bee4-72d7b5c7019e}</UniqueIdentifier>
    </Filter>
    <Filter Include="000 : BASE\Resource Files">
      <UniqueIdentifier>{8e114980-c1a3-4ada-ad7c-83caadf5daeb}</UniqueIdentifier>
      <Extensions>rc;ico;cur;bmp;dlg;rc2;rct;bin;rgs;gif;jpg;jpeg;jpe</Extensions>
    </Filter>
    <Filter Include="000 : BASE\DXUT">
      <UniqueIdentifier>{a43c5c25-0e86-4a20-b64a-883785ff74fd}</UniqueIdentifier>
    </Filter>
    <Filter Include="001 : ENGINE\Component\Components\Animation">
      <UniqueIdentifier>{c4c8c12b-60d7-412a-bfae-e765aeea6ddb}</UniqueIdentifier>
    </Filter>
    <Filter Include="001 : ENGINE\Component\Components\Animation\2D">
      <UniqueIdentifier>{785a6575-6b54-4b7b-bfac-f1328ef4d653}</UniqueIdentifier>
    </Filter>
    <Filter Include="001 : ENGINE\Component\Components\Animation\3D">
      <UniqueIdentifier>{9490bd4b-70c7-4147-b412-24e8ec1e4121}</UniqueIdentifier>
    </Filter>
    <Filter Include="001 : ENGINE\Component\Components\Renderer">
      <UniqueIdentifier>{114bfec1-43ea-43bf-90a7-58103ae93dee}</UniqueIdentifier>
    </Filter>
    <Filter Include="001 : ENGINE\Component\Components\Renderer\2D">
      <UniqueIdentifier>{b9ee06dc-b891-4f9d-ac4d-e6edbd823c34}</UniqueIdentifier>
    </Filter>
    <Filter Include="001 : ENGINE\Component\Components\Renderer\3D">
      <UniqueIdentifier>{29b6bbda-6969-407e-bb09-1decd9855e17}</UniqueIdentifier>
    </Filter>
    <Filter Include="001 : ENGINE\Component\Components\Renderer\3D\Mesh">
      <UniqueIdentifier>{b9621f22-40ab-411c-bde5-835dabfb58ea}</UniqueIdentifier>
    </Filter>
    <Filter Include="001 : ENGINE\Component\Components\Renderer\2D\Sprite">
      <UniqueIdentifier>{db2e007e-95d3-43fb-8c0c-0d8bd3724867}</UniqueIdentifier>
    </Filter>
    <Filter Include="001 : ENGINE\Component\Components\Renderer\2D\Text">
      <UniqueIdentifier>{85a88c49-5c67-498d-afe1-0253eba516af}</UniqueIdentifier>
    </Filter>
    <Filter Include="001 : ENGINE\ScheduleAdmin">
      <UniqueIdentifier>{036fd1e2-61e6-4433-a424-fcac5f451df9}</UniqueIdentifier>
    </Filter>
    <Filter Include="001 : ENGINE\Component\Components\Collider">
      <UniqueIdentifier>{8a2a74f0-1d3f-4274-a326-8409e0fa50fa}</UniqueIdentifier>
    </Filter>
    <Filter Include="001 : ENGINE\Component\Components\RigidBody">
      <UniqueIdentifier>{9bc5d224-640c-4239-bca5-f0fede422ead}</UniqueIdentifier>
    </Filter>
    <Filter Include="002 : GAME\Component">
      <UniqueIdentifier>{d22592d9-c339-47ec-a66e-6a11bdc50470}</UniqueIdentifier>
    </Filter>
    <Filter Include="002 : GAME\Component\Player">
      <UniqueIdentifier>{ed3db69f-f1e3-4530-b428-5af235386cc6}</UniqueIdentifier>
    </Filter>
    <Filter Include="002 : GAME\Component\Map">
      <UniqueIdentifier>{cf5494f8-38f9-4e16-bb95-a74e590376a3}</UniqueIdentifier>
    </Filter>
    <Filter Include="002 : GAME\Component\Enemy">
      <UniqueIdentifier>{250e1467-a694-4d96-8ac6-3c5e53389ae7}</UniqueIdentifier>
    </Filter>
    <Filter Include="002 : GAME\Component\Effect">
      <UniqueIdentifier>{e6ffb54d-271a-49fa-a3b0-879e8f1845ee}</UniqueIdentifier>
    </Filter>
    <Filter Include="002 : GAME\Component\Bullet">
      <UniqueIdentifier>{9f2a0f66-aaa1-4711-9ec1-138186b757f8}</UniqueIdentifier>
    </Filter>
    <Filter Include="002 : GAME\Scene">
      <UniqueIdentifier>{5ebb8e5e-47a8-437f-842e-1ced766c19f0}</UniqueIdentifier>
    </Filter>
    <Filter Include="002 : GAME\Scene\00 : Title">
      <UniqueIdentifier>{18a3f7e3-8018-46ad-99de-fdd2eefbfd66}</UniqueIdentifier>
    </Filter>
    <Filter Include="002 : GAME\Scene\01 : Stage01">
      <UniqueIdentifier>{5ebc1f99-bec1-4b3f-b94a-156d5452f84c}</UniqueIdentifier>
    </Filter>
    <Filter Include="002 : GAME\Scene\02 : Stage02">
      <UniqueIdentifier>{ba245029-0999-46b7-aed3-e87ab5f7a560}</UniqueIdentifier>
    </Filter>
    <Filter Include="002 : GAME\Scene\03 : StageClear">
      <UniqueIdentifier>{04973c15-9c6f-4c0c-bbcd-d10cb0a2b3a6}</UniqueIdentifier>
    </Filter>
    <Filter Include="002 : GAME\Scene\04 : GameOver">
      <UniqueIdentifier>{e2a00696-e9c3-4f77-bf3f-48b5dfaaddcf}</UniqueIdentifier>
    </Filter>
    <Filter Include="002 : GAME\Scene\05 : GameClear">
      <UniqueIdentifier>{e08de961-b28e-4a5d-a1e6-212264893311}</UniqueIdentifier>
    </Filter>
    <Filter Include="002 : GAME\Component\Enemy\Enemys">
      <UniqueIdentifier>{c1a34803-fd6e-4973-820f-644a90561eca}</UniqueIdentifier>
    </Filter>
    <Filter Include="002 : GAME\Component\Obstacle">
      <UniqueIdentifier>{6bf1894f-a8ae-4865-9ee8-eb81afc21579}</UniqueIdentifier>
    </Filter>
  </ItemGroup>
  <ItemGroup>
    <None Include="DXUT\Optional\directx.ico">
      <Filter>000 : BASE\Resource Files</Filter>
    </None>
    <ClInclude Include="DXUT\Core\DXUT.h">
      <Filter>000 : BASE\DXUT</Filter>
    </ClInclude>
    <ClInclude Include="DXUT\Core\DXUTenum.h">
      <Filter>000 : BASE\DXUT</Filter>
    </ClInclude>
    <ClInclude Include="DXUT\Core\DXUTmisc.h">
      <Filter>000 : BASE\DXUT</Filter>
    </ClInclude>
    <ClCompile Include="DXUT\Core\DXUT.cpp">
      <Filter>000 : BASE\DXUT</Filter>
    </ClCompile>
    <ClCompile Include="DXUT\Core\DXUTenum.cpp">
      <Filter>000 : BASE\DXUT</Filter>
    </ClCompile>
    <ClCompile Include="DXUT\Core\DXUTmisc.cpp">
      <Filter>000 : BASE\DXUT</Filter>
    </ClCompile>
    <ClInclude Include="DXUT\Optional\DXUTcamera.h">
      <Filter>000 : BASE\DXUT</Filter>
    </ClInclude>
    <ClInclude Include="DXUT\Optional\DXUTgui.h">
      <Filter>000 : BASE\DXUT</Filter>
    </ClInclude>
    <ClInclude Include="DXUT\Optional\DXUTres.h">
      <Filter>000 : BASE\DXUT</Filter>
    </ClInclude>
    <ClInclude Include="DXUT\Optional\DXUTsettingsdlg.h">
      <Filter>000 : BASE\DXUT</Filter>
    </ClInclude>
    <ClInclude Include="DXUT\Optional\SDKmesh.h">
      <Filter>000 : BASE\DXUT</Filter>
    </ClInclude>
    <ClInclude Include="DXUT\Optional\SDKmisc.h">
      <Filter>000 : BASE\DXUT</Filter>
    </ClInclude>
    <ClCompile Include="DXUT\Optional\DXUTcamera.cpp">
      <Filter>000 : BASE\DXUT</Filter>
    </ClCompile>
    <ClCompile Include="DXUT\Optional\DXUTgui.cpp">
      <Filter>000 : BASE\DXUT</Filter>
    </ClCompile>
    <ClCompile Include="DXUT\Optional\DXUTres.cpp">
      <Filter>000 : BASE\DXUT</Filter>
    </ClCompile>
    <ClCompile Include="DXUT\Optional\DXUTsettingsdlg.cpp">
      <Filter>000 : BASE\DXUT</Filter>
    </ClCompile>
    <ClCompile Include="DXUT\Optional\SDKmesh.cpp">
      <Filter>000 : BASE\DXUT</Filter>
    </ClCompile>
    <ClCompile Include="DXUT\Optional\SDKmisc.cpp">
      <Filter>000 : BASE\DXUT</Filter>
    </ClCompile>
  </ItemGroup>
  <ItemGroup>
    <ClCompile Include="CGraphicsManager.cpp">
      <Filter>001 : ENGINE\Manager\Graphics</Filter>
    </ClCompile>
    <ClCompile Include="CCameraManager.cpp">
      <Filter>001 : ENGINE\Manager\Camera</Filter>
    </ClCompile>
    <ClCompile Include="CInputManager.cpp">
      <Filter>001 : ENGINE\Manager\Input</Filter>
    </ClCompile>
    <ClCompile Include="CObjectManager.cpp">
      <Filter>001 : ENGINE\Manager\Object</Filter>
    </ClCompile>
    <ClCompile Include="CSceneManager.cpp">
      <Filter>001 : ENGINE\Manager\Scene</Filter>
    </ClCompile>
    <ClCompile Include="EmptyProject.cpp">
      <Filter>000 : BASE</Filter>
    </ClCompile>
    <ClCompile Include="CSprite.cpp">
      <Filter>001 : ENGINE\Sprite</Filter>
    </ClCompile>
    <ClCompile Include="MeshLoader.cpp">
      <Filter>001 : ENGINE\Mesh</Filter>
    </ClCompile>
    <ClCompile Include="CGameObject.cpp">
      <Filter>001 : ENGINE\GameObject</Filter>
    </ClCompile>
    <ClCompile Include="CComponent.cpp">
      <Filter>001 : ENGINE\Component</Filter>
    </ClCompile>
    <ClCompile Include="CMainGame.cpp">
      <Filter>002 : GAME\MainGame</Filter>
    </ClCompile>
    <ClCompile Include="CScheduleAdmin.cpp">
      <Filter>001 : ENGINE\ScheduleAdmin</Filter>
    </ClCompile>
    <ClCompile Include="CScene.cpp">
      <Filter>002 : GAME\Scene</Filter>
    </ClCompile>
    <ClCompile Include="CAnimation2D.cpp">
      <Filter>001 : ENGINE\Component\Components\Animation\2D</Filter>
    </ClCompile>
    <ClCompile Include="CAnimation3D.cpp">
      <Filter>001 : ENGINE\Component\Components\Animation\3D</Filter>
    </ClCompile>
    <ClCompile Include="CAnimator2D.cpp">
      <Filter>001 : ENGINE\Component\Components\Animation\2D</Filter>
    </ClCompile>
    <ClCompile Include="CAnimator3D.cpp">
      <Filter>001 : ENGINE\Component\Components\Animation\3D</Filter>
    </ClCompile>
    <ClCompile Include="CRenderer2D.cpp">
      <Filter>001 : ENGINE\Component\Components\Renderer\2D</Filter>
    </ClCompile>
    <ClCompile Include="CRenderer3D.cpp">
      <Filter>001 : ENGINE\Component\Components\Renderer\3D</Filter>
    </ClCompile>
    <ClCompile Include="CMeshRenderer.cpp">
      <Filter>001 : ENGINE\Component\Components\Renderer\3D\Mesh</Filter>
    </ClCompile>
    <ClCompile Include="CSpriteRenderer.cpp">
      <Filter>001 : ENGINE\Component\Components\Renderer\2D\Sprite</Filter>
    </ClCompile>
    <ClCompile Include="CText.cpp">
      <Filter>001 : ENGINE\Component\Components\Renderer\2D\Text</Filter>
    </ClCompile>
    <ClCompile Include="CCollider.cpp">
      <Filter>001 : ENGINE\Component\Components</Filter>
    </ClCompile>
    <ClCompile Include="CTransform.cpp">
      <Filter>001 : ENGINE\Component\Components</Filter>
    </ClCompile>
    <ClCompile Include="CGameOver.cpp">
      <Filter>002 : GAME\Scene\04 : GameOver</Filter>
    </ClCompile>
    <ClCompile Include="CGameClear.cpp">
      <Filter>002 : GAME\Scene\05 : GameClear</Filter>
    </ClCompile>
    <ClCompile Include="CStage01.cpp">
      <Filter>002 : GAME\Scene\01 : Stage01</Filter>
    </ClCompile>
    <ClCompile Include="CStage02.cpp">
      <Filter>002 : GAME\Scene\02 : Stage02</Filter>
    </ClCompile>
    <ClCompile Include="CStageClear.cpp">
      <Filter>002 : GAME\Scene\03 : StageClear</Filter>
    </ClCompile>
    <ClCompile Include="CTitleScene.cpp">
      <Filter>002 : GAME\Scene\00 : Title</Filter>
    </ClCompile>
    <ClCompile Include="CRigidBody.cpp">
      <Filter>001 : ENGINE\Component\Components\RigidBody</Filter>
    </ClCompile>
    <ClCompile Include="CEnemy.cpp">
      <Filter>002 : GAME\Component\Enemy</Filter>
    </ClCompile>
    <ClCompile Include="CPlayerMovement.cpp">
      <Filter>002 : GAME\Component\Player</Filter>
    </ClCompile>
    <ClCompile Include="CEffect.cpp">
      <Filter>002 : GAME\Component\Effect</Filter>
    </ClCompile>
    <ClCompile Include="CGameManager.cpp" />
    <ClCompile Include="CPlayerUI.cpp" />
    <ClCompile Include="CDamageFont.cpp" />
    <ClCompile Include="CButton.cpp" />
    <ClCompile Include="CItem.cpp" />
    <ClCompile Include="DXUT\Optional\SDKsound.cpp" />
    <ClCompile Include="DXUT\Optional\SDKwavefile.cpp" />
    <ClCompile Include="CStageMap.cpp">
      <Filter>002 : GAME\Component\Map</Filter>
    </ClCompile>
    <ClCompile Include="CEnemy01.cpp">
      <Filter>002 : GAME\Component\Enemy\Enemys</Filter>
    </ClCompile>
    <ClCompile Include="CEnemy02.cpp">
      <Filter>002 : GAME\Component\Enemy\Enemys</Filter>
    </ClCompile>
    <ClCompile Include="CEnemy03.cpp">
      <Filter>002 : GAME\Component\Enemy\Enemys</Filter>
    </ClCompile>
    <ClCompile Include="CBoss01.cpp">
      <Filter>002 : GAME\Component\Enemy\Enemys</Filter>
    </ClCompile>
    <ClCompile Include="CBoss02.cpp">
      <Filter>002 : GAME\Component\Enemy\Enemys</Filter>
    </ClCompile>
    <ClCompile Include="CObstacle.cpp" />
    <ClCompile Include="CEnemyBullet.cpp">
      <Filter>002 : GAME\Component\Bullet</Filter>
    </ClCompile>
    <ClCompile Include="CPlayerBullet.cpp">
      <Filter>002 : GAME\Component\Bullet</Filter>
    </ClCompile>
  </ItemGroup>
  <ItemGroup>
    <ClInclude Include="CCameraManager.h">
      <Filter>001 : ENGINE\Manager\Camera</Filter>
    </ClInclude>
    <ClInclude Include="CInputManager.h">
      <Filter>001 : ENGINE\Manager\Input</Filter>
    </ClInclude>
    <ClInclude Include="CObjectManager.h">
      <Filter>001 : ENGINE\Manager\Object</Filter>
    </ClInclude>
    <ClInclude Include="CSceneManager.h">
      <Filter>001 : ENGINE\Manager\Scene</Filter>
    </ClInclude>
    <ClInclude Include="stdafx.h">
      <Filter>000 : BASE</Filter>
    </ClInclude>
    <ClInclude Include="CSprite.h">
      <Filter>001 : ENGINE\Sprite</Filter>
    </ClInclude>
    <ClInclude Include="MeshLoader.h">
      <Filter>001 : ENGINE\Mesh</Filter>
    </ClInclude>
    <ClInclude Include="CGameObject.h">
      <Filter>001 : ENGINE\GameObject</Filter>
    </ClInclude>
    <ClInclude Include="CComponent.h">
      <Filter>001 : ENGINE\Component</Filter>
    </ClInclude>
    <ClInclude Include="CMainGame.h">
      <Filter>002 : GAME\MainGame</Filter>
    </ClInclude>
    <ClInclude Include="CScheduleAdmin.h">
      <Filter>001 : ENGINE\ScheduleAdmin</Filter>
    </ClInclude>
    <ClInclude Include="CScene.h">
      <Filter>002 : GAME\Scene</Filter>
    </ClInclude>
    <ClInclude Include="CSingleton.h">
      <Filter>001 : ENGINE\Manager</Filter>
    </ClInclude>
    <ClInclude Include="CAnimation2D.h">
      <Filter>001 : ENGINE\Component\Components\Animation\2D</Filter>
    </ClInclude>
    <ClInclude Include="CAnimation3D.h">
      <Filter>001 : ENGINE\Component\Components\Animation\3D</Filter>
    </ClInclude>
    <ClInclude Include="CAnimator2D.h">
      <Filter>001 : ENGINE\Component\Components\Animation\2D</Filter>
    </ClInclude>
    <ClInclude Include="CAnimator3D.h">
      <Filter>001 : ENGINE\Component\Components\Animation\3D</Filter>
    </ClInclude>
    <ClInclude Include="CRenderer2D.h">
      <Filter>001 : ENGINE\Component\Components\Renderer\2D</Filter>
    </ClInclude>
    <ClInclude Include="CRenderer3D.h">
      <Filter>001 : ENGINE\Component\Components\Renderer\3D</Filter>
    </ClInclude>
    <ClInclude Include="CMeshRenderer.h">
      <Filter>001 : ENGINE\Component\Components\Renderer\3D\Mesh</Filter>
    </ClInclude>
    <ClInclude Include="CSpriteRenderer.h">
      <Filter>001 : ENGINE\Component\Components\Renderer\2D\Sprite</Filter>
    </ClInclude>
    <ClInclude Include="CText.h">
      <Filter>001 : ENGINE\Component\Components\Renderer\2D\Text</Filter>
    </ClInclude>
    <ClInclude Include="CTransform.h">
      <Filter>001 : ENGINE\Component\Components</Filter>
    </ClInclude>
    <ClInclude Include="CCollider.h">
      <Filter>001 : ENGINE\Component\Components</Filter>
    </ClInclude>
    <ClInclude Include="CGameOver.h">
      <Filter>002 : GAME\Scene\04 : GameOver</Filter>
    </ClInclude>
    <ClInclude Include="CGameClear.h">
      <Filter>002 : GAME\Scene\05 : GameClear</Filter>
    </ClInclude>
    <ClInclude Include="CStage01.h">
      <Filter>002 : GAME\Scene\01 : Stage01</Filter>
    </ClInclude>
    <ClInclude Include="CStage02.h">
      <Filter>002 : GAME\Scene\02 : Stage02</Filter>
    </ClInclude>
    <ClInclude Include="CStageClear.h">
      <Filter>002 : GAME\Scene\03 : StageClear</Filter>
    </ClInclude>
    <ClInclude Include="CTitleScene.h">
      <Filter>002 : GAME\Scene\00 : Title</Filter>
    </ClInclude>
    <ClInclude Include="CRigidBody.h">
      <Filter>001 : ENGINE\Component\Components\RigidBody</Filter>
    </ClInclude>
    <ClInclude Include="CEnemy.h">
      <Filter>002 : GAME\Component\Enemy</Filter>
    </ClInclude>
    <ClInclude Include="CPlayerMovement.h">
      <Filter>002 : GAME\Component\Player</Filter>
    </ClInclude>
    <ClInclude Include="CEffect.h">
      <Filter>002 : GAME\Component\Effect</Filter>
    </ClInclude>
    <ClInclude Include="CGameManager.h" />
    <ClInclude Include="CPlayerUI.h" />
    <ClInclude Include="CDamageFont.h" />
    <ClInclude Include="CButton.h" />
    <ClInclude Include="CItem.h" />
    <ClInclude Include="DXUT\Optional\SDKsound.h" />
    <ClInclude Include="DXUT\Optional\SDKwavefile.h" />
    <ClInclude Include="CStageMap.h">
      <Filter>002 : GAME\Component\Map</Filter>
    </ClInclude>
    <ClInclude Include="CEnemy01.h">
      <Filter>002 : GAME\Component\Enemy\Enemys</Filter>
    </ClInclude>
    <ClInclude Include="CEnemy02.h">
      <Filter>002 : GAME\Component\Enemy\Enemys</Filter>
    </ClInclude>
    <ClInclude Include="CEnemy03.h">
      <Filter>002 : GAME\Component\Enemy\Enemys</Filter>
    </ClInclude>
    <ClInclude Include="CBoss01.h">
      <Filter>002 : GAME\Component\Enemy\Enemys</Filter>
    </ClInclude>
    <ClInclude Include="CBoss02.h">
      <Filter>002 : GAME\Component\Enemy\Enemys</Filter>
    </ClInclude>
    <ClInclude Include="CObstacle.h" />
    <ClInclude Include="CEnemyBullet.h">
      <Filter>002 : GAME\Component\Bullet</Filter>
    </ClInclude>
    <ClInclude Include="CPlayerBullet.h">
      <Filter>002 : GAME\Component\Bullet</Filter>
    </ClInclude>
    <ClInclude Include="CGraphicsManager.h">
      <Filter>001 : ENGINE\Manager\Graphics</Filter>
    </ClInclude>
  </ItemGroup>
  <ItemGroup>
    <CLInclude Include="resource.h">
      <Filter>000 : BASE\Resource Files</Filter>
    </CLInclude>
    <ResourceCompile Include="EmptyProject.rc">
      <Filter>000 : BASE\Resource Files</Filter>
    </ResourceCompile>
  </ItemGroup>
  <ItemGroup>
  </ItemGroup>
</Project>